
Microsoft Visual Studio Solution File, Format Version 12.00
# Visual Studio 15
VisualStudioVersion = 15.0.28010.2003
MinimumVisualStudioVersion = 10.0.40219.1
Project("{FAE04EC0-301F-11D3-BF4B-00C04F79EFBC}") = "ConsoleApp1", "ConsoleApp1\ConsoleApp1.csproj", "{55F14002-F4F3-45D0-879A-037D6D3D5AF0}"
EndProject
Project("{FAE04EC0-301F-11D3-BF4B-00C04F79EFBC}") = "SecondWeek", "SecondWeek\SecondWeek.csproj", "{8A86414C-A137-41C4-BF72-B05628888D19}"
EndProject
Project("{FAE04EC0-301F-11D3-BF4B-00C04F79EFBC}") = "Checksectask", "Checksectask\Checksectask.csproj", "{642868C1-7CA6-40DB-869A-825B4B442D09}"
EndProject
Project("{FAE04EC0-301F-11D3-BF4B-00C04F79EFBC}") = "third", "third\third.csproj", "{F3941BF5-3E5C-42F8-8993-F08704D1A8BE}"
EndProject
Project("{FAE04EC0-301F-11D3-BF4B-00C04F79EFBC}") = "koks", "koks\koks.csproj", "{28842538-2B15-41D6-B0B1-155BEA8B686C}"
EndProject
Project("{FAE04EC0-301F-11D3-BF4B-00C04F79EFBC}") = "thirdweek", "thirdweek\thirdweek.csproj", "{E96BFBE1-39AA-4C1D-80B4-8C4A197D8DA0}"
EndProject
Project("{FAE04EC0-301F-11D3-BF4B-00C04F79EFBC}") = "Fourth", "Fourth\Fourth.csproj", "{3D9B2717-75B6-465C-84A9-161396928FDE}"
EndProject
Project("{8BC9CEB8-8B4A-11D0-8D11-00A0C91BC942}") = "ConsoleApplication1", "ConsoleApplication1\ConsoleApplication1.vcxproj", "{45841538-71C3-450B-BCEB-C5B08A16511A}"
EndProject
Project("{2150E333-8FDC-42A3-9474-1A3956D46DE8}") = "SixthWeek", "SixthWeek", "{0197A4EE-9E38-4EA7-BD1E-FD46C0D3204D}"
EndProject
Project("{FAE04EC0-301F-11D3-BF4B-00C04F79EFBC}") = "First", "First\First.csproj", "{4FB500D3-B719-498D-B4E2-CF24EC888BF4}"
EndProject
Project("{FAE04EC0-301F-11D3-BF4B-00C04F79EFBC}") = "EightWeek", "EightWeek\EightWeek.csproj", "{08F438D0-57AF-4A9E-9D51-7560DDB645DA}"
EndProject
Project("{FAE04EC0-301F-11D3-BF4B-00C04F79EFBC}") = "EightWeekSec", "EightWeekSec\EightWeekSec.csproj", "{71C1DAA7-88DB-402F-A834-C4FB2CE18224}"
EndProject
Global
	GlobalSection(SolutionConfigurationPlatforms) = preSolution
		Debug|Any CPU = Debug|Any CPU
		Debug|x64 = Debug|x64
		Debug|x86 = Debug|x86
		Release|Any CPU = Release|Any CPU
		Release|x64 = Release|x64
		Release|x86 = Release|x86
	EndGlobalSection
	GlobalSection(ProjectConfigurationPlatforms) = postSolution
		{55F14002-F4F3-45D0-879A-037D6D3D5AF0}.Debug|Any CPU.ActiveCfg = Debug|Any CPU
		{55F14002-F4F3-45D0-879A-037D6D3D5AF0}.Debug|Any CPU.Build.0 = Debug|Any CPU
		{55F14002-F4F3-45D0-879A-037D6D3D5AF0}.Debug|x64.ActiveCfg = Debug|Any CPU
		{55F14002-F4F3-45D0-879A-037D6D3D5AF0}.Debug|x64.Build.0 = Debug|Any CPU
		{55F14002-F4F3-45D0-879A-037D6D3D5AF0}.Debug|x86.ActiveCfg = Debug|Any CPU
		{55F14002-F4F3-45D0-879A-037D6D3D5AF0}.Debug|x86.Build.0 = Debug|Any CPU
		{55F14002-F4F3-45D0-879A-037D6D3D5AF0}.Release|Any CPU.ActiveCfg = Release|Any CPU
		{55F14002-F4F3-45D0-879A-037D6D3D5AF0}.Release|Any CPU.Build.0 = Release|Any CPU
		{55F14002-F4F3-45D0-879A-037D6D3D5AF0}.Release|x64.ActiveCfg = Release|Any CPU
		{55F14002-F4F3-45D0-879A-037D6D3D5AF0}.Release|x64.Build.0 = Release|Any CPU
		{55F14002-F4F3-45D0-879A-037D6D3D5AF0}.Release|x86.ActiveCfg = Release|Any CPU
		{55F14002-F4F3-45D0-879A-037D6D3D5AF0}.Release|x86.Build.0 = Release|Any CPU
		{8A86414C-A137-41C4-BF72-B05628888D19}.Debug|Any CPU.ActiveCfg = Debug|Any CPU
		{8A86414C-A137-41C4-BF72-B05628888D19}.Debug|Any CPU.Build.0 = Debug|Any CPU
		{8A86414C-A137-41C4-BF72-B05628888D19}.Debug|x64.ActiveCfg = Debug|Any CPU
		{8A86414C-A137-41C4-BF72-B05628888D19}.Debug|x64.Build.0 = Debug|Any CPU
		{8A86414C-A137-41C4-BF72-B05628888D19}.Debug|x86.ActiveCfg = Debug|Any CPU
		{8A86414C-A137-41C4-BF72-B05628888D19}.Debug|x86.Build.0 = Debug|Any CPU
		{8A86414C-A137-41C4-BF72-B05628888D19}.Release|Any CPU.ActiveCfg = Release|Any CPU
		{8A86414C-A137-41C4-BF72-B05628888D19}.Release|Any CPU.Build.0 = Release|Any CPU
		{8A86414C-A137-41C4-BF72-B05628888D19}.Release|x64.ActiveCfg = Release|Any CPU
		{8A86414C-A137-41C4-BF72-B05628888D19}.Release|x64.Build.0 = Release|Any CPU
		{8A86414C-A137-41C4-BF72-B05628888D19}.Release|x86.ActiveCfg = Release|Any CPU
		{8A86414C-A137-41C4-BF72-B05628888D19}.Release|x86.Build.0 = Release|Any CPU
		{642868C1-7CA6-40DB-869A-825B4B442D09}.Debug|Any CPU.ActiveCfg = Debug|Any CPU
		{642868C1-7CA6-40DB-869A-825B4B442D09}.Debug|Any CPU.Build.0 = Debug|Any CPU
		{642868C1-7CA6-40DB-869A-825B4B442D09}.Debug|x64.ActiveCfg = Debug|Any CPU
		{642868C1-7CA6-40DB-869A-825B4B442D09}.Debug|x64.Build.0 = Debug|Any CPU
		{642868C1-7CA6-40DB-869A-825B4B442D09}.Debug|x86.ActiveCfg = Debug|Any CPU
		{642868C1-7CA6-40DB-869A-825B4B442D09}.Debug|x86.Build.0 = Debug|Any CPU
		{642868C1-7CA6-40DB-869A-825B4B442D09}.Release|Any CPU.ActiveCfg = Release|Any CPU
		{642868C1-7CA6-40DB-869A-825B4B442D09}.Release|Any CPU.Build.0 = Release|Any CPU
		{642868C1-7CA6-40DB-869A-825B4B442D09}.Release|x64.ActiveCfg = Release|Any CPU
		{642868C1-7CA6-40DB-869A-825B4B442D09}.Release|x64.Build.0 = Release|Any CPU
		{642868C1-7CA6-40DB-869A-825B4B442D09}.Release|x86.ActiveCfg = Release|Any CPU
		{642868C1-7CA6-40DB-869A-825B4B442D09}.Release|x86.Build.0 = Release|Any CPU
		{F3941BF5-3E5C-42F8-8993-F08704D1A8BE}.Debug|Any CPU.ActiveCfg = Debug|Any CPU
		{F3941BF5-3E5C-42F8-8993-F08704D1A8BE}.Debug|Any CPU.Build.0 = Debug|Any CPU
		{F3941BF5-3E5C-42F8-8993-F08704D1A8BE}.Debug|x64.ActiveCfg = Debug|Any CPU
		{F3941BF5-3E5C-42F8-8993-F08704D1A8BE}.Debug|x64.Build.0 = Debug|Any CPU
		{F3941BF5-3E5C-42F8-8993-F08704D1A8BE}.Debug|x86.ActiveCfg = Debug|Any CPU
		{F3941BF5-3E5C-42F8-8993-F08704D1A8BE}.Debug|x86.Build.0 = Debug|Any CPU
		{F3941BF5-3E5C-42F8-8993-F08704D1A8BE}.Release|Any CPU.ActiveCfg = Release|Any CPU
		{F3941BF5-3E5C-42F8-8993-F08704D1A8BE}.Release|Any CPU.Build.0 = Release|Any CPU
		{F3941BF5-3E5C-42F8-8993-F08704D1A8BE}.Release|x64.ActiveCfg = Release|Any CPU
		{F3941BF5-3E5C-42F8-8993-F08704D1A8BE}.Release|x64.Build.0 = Release|Any CPU
		{F3941BF5-3E5C-42F8-8993-F08704D1A8BE}.Release|x86.ActiveCfg = Release|Any CPU
		{F3941BF5-3E5C-42F8-8993-F08704D1A8BE}.Release|x86.Build.0 = Release|Any CPU
		{28842538-2B15-41D6-B0B1-155BEA8B686C}.Debug|Any CPU.ActiveCfg = Debug|Any CPU
		{28842538-2B15-41D6-B0B1-155BEA8B686C}.Debug|Any CPU.Build.0 = Debug|Any CPU
		{28842538-2B15-41D6-B0B1-155BEA8B686C}.Debug|x64.ActiveCfg = Debug|Any CPU
		{28842538-2B15-41D6-B0B1-155BEA8B686C}.Debug|x64.Build.0 = Debug|Any CPU
		{28842538-2B15-41D6-B0B1-155BEA8B686C}.Debug|x86.ActiveCfg = Debug|Any CPU
		{28842538-2B15-41D6-B0B1-155BEA8B686C}.Debug|x86.Build.0 = Debug|Any CPU
		{28842538-2B15-41D6-B0B1-155BEA8B686C}.Release|Any CPU.ActiveCfg = Release|Any CPU
		{28842538-2B15-41D6-B0B1-155BEA8B686C}.Release|Any CPU.Build.0 = Release|Any CPU
		{28842538-2B15-41D6-B0B1-155BEA8B686C}.Release|x64.ActiveCfg = Release|Any CPU
		{28842538-2B15-41D6-B0B1-155BEA8B686C}.Release|x64.Build.0 = Release|Any CPU
		{28842538-2B15-41D6-B0B1-155BEA8B686C}.Release|x86.ActiveCfg = Release|Any CPU
		{28842538-2B15-41D6-B0B1-155BEA8B686C}.Release|x86.Build.0 = Release|Any CPU
		{E96BFBE1-39AA-4C1D-80B4-8C4A197D8DA0}.Debug|Any CPU.ActiveCfg = Debug|Any CPU
		{E96BFBE1-39AA-4C1D-80B4-8C4A197D8DA0}.Debug|Any CPU.Build.0 = Debug|Any CPU
		{E96BFBE1-39AA-4C1D-80B4-8C4A197D8DA0}.Debug|x64.ActiveCfg = Debug|Any CPU
		{E96BFBE1-39AA-4C1D-80B4-8C4A197D8DA0}.Debug|x64.Build.0 = Debug|Any CPU
		{E96BFBE1-39AA-4C1D-80B4-8C4A197D8DA0}.Debug|x86.ActiveCfg = Debug|Any CPU
		{E96BFBE1-39AA-4C1D-80B4-8C4A197D8DA0}.Debug|x86.Build.0 = Debug|Any CPU
		{E96BFBE1-39AA-4C1D-80B4-8C4A197D8DA0}.Release|Any CPU.ActiveCfg = Release|Any CPU
		{E96BFBE1-39AA-4C1D-80B4-8C4A197D8DA0}.Release|Any CPU.Build.0 = Release|Any CPU
		{E96BFBE1-39AA-4C1D-80B4-8C4A197D8DA0}.Release|x64.ActiveCfg = Release|Any CPU
		{E96BFBE1-39AA-4C1D-80B4-8C4A197D8DA0}.Release|x64.Build.0 = Release|Any CPU
		{E96BFBE1-39AA-4C1D-80B4-8C4A197D8DA0}.Release|x86.ActiveCfg = Release|Any CPU
		{E96BFBE1-39AA-4C1D-80B4-8C4A197D8DA0}.Release|x86.Build.0 = Release|Any CPU
		{3D9B2717-75B6-465C-84A9-161396928FDE}.Debug|Any CPU.ActiveCfg = Debug|Any CPU
		{3D9B2717-75B6-465C-84A9-161396928FDE}.Debug|Any CPU.Build.0 = Debug|Any CPU
		{3D9B2717-75B6-465C-84A9-161396928FDE}.Debug|x64.ActiveCfg = Debug|Any CPU
		{3D9B2717-75B6-465C-84A9-161396928FDE}.Debug|x64.Build.0 = Debug|Any CPU
		{3D9B2717-75B6-465C-84A9-161396928FDE}.Debug|x86.ActiveCfg = Debug|Any CPU
		{3D9B2717-75B6-465C-84A9-161396928FDE}.Debug|x86.Build.0 = Debug|Any CPU
		{3D9B2717-75B6-465C-84A9-161396928FDE}.Release|Any CPU.ActiveCfg = Release|Any CPU
		{3D9B2717-75B6-465C-84A9-161396928FDE}.Release|Any CPU.Build.0 = Release|Any CPU
		{3D9B2717-75B6-465C-84A9-161396928FDE}.Release|x64.ActiveCfg = Release|Any CPU
		{3D9B2717-75B6-465C-84A9-161396928FDE}.Release|x64.Build.0 = Release|Any CPU
		{3D9B2717-75B6-465C-84A9-161396928FDE}.Release|x86.ActiveCfg = Release|Any CPU
		{3D9B2717-75B6-465C-84A9-161396928FDE}.Release|x86.Build.0 = Release|Any CPU
		{45841538-71C3-450B-BCEB-C5B08A16511A}.Debug|Any CPU.ActiveCfg = Debug|Win32
		{45841538-71C3-450B-BCEB-C5B08A16511A}.Debug|x64.ActiveCfg = Debug|x64
		{45841538-71C3-450B-BCEB-C5B08A16511A}.Debug|x64.Build.0 = Debug|x64
		{45841538-71C3-450B-BCEB-C5B08A16511A}.Debug|x86.ActiveCfg = Debug|Win32
		{45841538-71C3-450B-BCEB-C5B08A16511A}.Debug|x86.Build.0 = Debug|Win32
		{45841538-71C3-450B-BCEB-C5B08A16511A}.Release|Any CPU.ActiveCfg = Release|Win32
		{45841538-71C3-450B-BCEB-C5B08A16511A}.Release|x64.ActiveCfg = Release|x64
		{45841538-71C3-450B-BCEB-C5B08A16511A}.Release|x64.Build.0 = Release|x64
		{45841538-71C3-450B-BCEB-C5B08A16511A}.Release|x86.ActiveCfg = Release|Win32
		{45841538-71C3-450B-BCEB-C5B08A16511A}.Release|x86.Build.0 = Release|Win32
		{4FB500D3-B719-498D-B4E2-CF24EC888BF4}.Debug|Any CPU.ActiveCfg = Debug|Any CPU
		{4FB500D3-B719-498D-B4E2-CF24EC888BF4}.Debug|Any CPU.Build.0 = Debug|Any CPU
		{4FB500D3-B719-498D-B4E2-CF24EC888BF4}.Debug|x64.ActiveCfg = Debug|Any CPU
		{4FB500D3-B719-498D-B4E2-CF24EC888BF4}.Debug|x64.Build.0 = Debug|Any CPU
		{4FB500D3-B719-498D-B4E2-CF24EC888BF4}.Debug|x86.ActiveCfg = Debug|Any CPU
		{4FB500D3-B719-498D-B4E2-CF24EC888BF4}.Debug|x86.Build.0 = Debug|Any CPU
		{4FB500D3-B719-498D-B4E2-CF24EC888BF4}.Release|Any CPU.ActiveCfg = Release|Any CPU
		{4FB500D3-B719-498D-B4E2-CF24EC888BF4}.Release|Any CPU.Build.0 = Release|Any CPU
		{4FB500D3-B719-498D-B4E2-CF24EC888BF4}.Release|x64.ActiveCfg = Release|Any CPU
		{4FB500D3-B719-498D-B4E2-CF24EC888BF4}.Release|x64.Build.0 = Release|Any CPU
		{4FB500D3-B719-498D-B4E2-CF24EC888BF4}.Release|x86.ActiveCfg = Release|Any CPU
		{4FB500D3-B719-498D-B4E2-CF24EC888BF4}.Release|x86.Build.0 = Release|Any CPU
		{08F438D0-57AF-4A9E-9D51-7560DDB645DA}.Debug|Any CPU.ActiveCfg = Debug|Any CPU
		{08F438D0-57AF-4A9E-9D51-7560DDB645DA}.Debug|Any CPU.Build.0 = Debug|Any CPU
		{08F438D0-57AF-4A9E-9D51-7560DDB645DA}.Debug|x64.ActiveCfg = Debug|Any CPU
		{08F438D0-57AF-4A9E-9D51-7560DDB645DA}.Debug|x64.Build.0 = Debug|Any CPU
		{08F438D0-57AF-4A9E-9D51-7560DDB645DA}.Debug|x86.ActiveCfg = Debug|Any CPU
		{08F438D0-57AF-4A9E-9D51-7560DDB645DA}.Debug|x86.Build.0 = Debug|Any CPU
		{08F438D0-57AF-4A9E-9D51-7560DDB645DA}.Release|Any CPU.ActiveCfg = Release|Any CPU
		{08F438D0-57AF-4A9E-9D51-7560DDB645DA}.Release|Any CPU.Build.0 = Release|Any CPU
		{08F438D0-57AF-4A9E-9D51-7560DDB645DA}.Release|x64.ActiveCfg = Release|Any CPU
		{08F438D0-57AF-4A9E-9D51-7560DDB645DA}.Release|x64.Build.0 = Release|Any CPU
		{08F438D0-57AF-4A9E-9D51-7560DDB645DA}.Release|x86.ActiveCfg = Release|Any CPU
		{08F438D0-57AF-4A9E-9D51-7560DDB645DA}.Release|x86.Build.0 = Release|Any CPU
		{71C1DAA7-88DB-402F-A834-C4FB2CE18224}.Debug|Any CPU.ActiveCfg = Debug|Any CPU
		{71C1DAA7-88DB-402F-A834-C4FB2CE18224}.Debug|Any CPU.Build.0 = Debug|Any CPU
		{71C1DAA7-88DB-402F-A834-C4FB2CE18224}.Debug|x64.ActiveCfg = Debug|Any CPU
		{71C1DAA7-88DB-402F-A834-C4FB2CE18224}.Debug|x64.Build.0 = Debug|Any CPU
		{71C1DAA7-88DB-402F-A834-C4FB2CE18224}.Debug|x86.ActiveCfg = Debug|Any CPU
		{71C1DAA7-88DB-402F-A834-C4FB2CE18224}.Debug|x86.Build.0 = Debug|Any CPU
		{71C1DAA7-88DB-402F-A834-C4FB2CE18224}.Release|Any CPU.ActiveCfg = Release|Any CPU
		{71C1DAA7-88DB-402F-A834-C4FB2CE18224}.Release|Any CPU.Build.0 = Release|Any CPU
		{71C1DAA7-88DB-402F-A834-C4FB2CE18224}.Release|x64.ActiveCfg = Release|Any CPU
		{71C1DAA7-88DB-402F-A834-C4FB2CE18224}.Release|x64.Build.0 = Release|Any CPU
		{71C1DAA7-88DB-402F-A834-C4FB2CE18224}.Release|x86.ActiveCfg = Release|Any CPU
		{71C1DAA7-88DB-402F-A834-C4FB2CE18224}.Release|x86.Build.0 = Release|Any CPU
	EndGlobalSection
	GlobalSection(SolutionProperties) = preSolution
		HideSolutionNode = FALSE
	EndGlobalSection
	GlobalSection(NestedProjects) = preSolution
		{4FB500D3-B719-498D-B4E2-CF24EC888BF4} = {0197A4EE-9E38-4EA7-BD1E-FD46C0D3204D}
	EndGlobalSection
	GlobalSection(ExtensibilityGlobals) = postSolution
		SolutionGuid = {8E5D68C6-D7A8-43AC-931B-0533BEBBE12F}
	EndGlobalSection
EndGlobal
